// !$*UTF8*$!
{
	archiveVersion = 1;
	classes = {
	};
	objectVersion = 56;
	objects = {

/* Begin PBXBuildFile section */
		2600D0DE2B03C7AA00B52CF4 /* AppDelegate.swift in Sources */ = {isa = PBXBuildFile; fileRef = 2600D0DD2B03C7AA00B52CF4 /* AppDelegate.swift */; };
		2600D0E02B03C7AA00B52CF4 /* SceneDelegate.swift in Sources */ = {isa = PBXBuildFile; fileRef = 2600D0DF2B03C7AA00B52CF4 /* SceneDelegate.swift */; };
		2600D0E22B03C7AA00B52CF4 /* ViewController.swift in Sources */ = {isa = PBXBuildFile; fileRef = 2600D0E12B03C7AA00B52CF4 /* ViewController.swift */; };
		2600D0E72B03C7AC00B52CF4 /* Assets.xcassets in Resources */ = {isa = PBXBuildFile; fileRef = 2600D0E62B03C7AC00B52CF4 /* Assets.xcassets */; };
		2600D0EA2B03C7AC00B52CF4 /* LaunchScreen.storyboard in Resources */ = {isa = PBXBuildFile; fileRef = 2600D0E82B03C7AC00B52CF4 /* LaunchScreen.storyboard */; };
		2600D0F72B03C9DA00B52CF4 /* homeViewController.swift in Sources */ = {isa = PBXBuildFile; fileRef = 2600D0F62B03C9DA00B52CF4 /* homeViewController.swift */; };
		2600D0F92B03CD6600B52CF4 /* FindPocaViewController.swift in Sources */ = {isa = PBXBuildFile; fileRef = 2600D0F82B03CD6600B52CF4 /* FindPocaViewController.swift */; };
		2600D0FB2B03CD6E00B52CF4 /* BuyQuicklyViewController.swift in Sources */ = {isa = PBXBuildFile; fileRef = 2600D0FA2B03CD6E00B52CF4 /* BuyQuicklyViewController.swift */; };
		2600D0FD2B03CD7400B52CF4 /* StoreViewController.swift in Sources */ = {isa = PBXBuildFile; fileRef = 2600D0FC2B03CD7400B52CF4 /* StoreViewController.swift */; };
		2600D0FF2B03CD7E00B52CF4 /* MyPageViewController.swift in Sources */ = {isa = PBXBuildFile; fileRef = 2600D0FE2B03CD7E00B52CF4 /* MyPageViewController.swift */; };
/* End PBXBuildFile section */

/* Begin PBXFileReference section */
		2600D0DA2B03C7AA00B52CF4 /* PocaMarketClone.app */ = {isa = PBXFileReference; explicitFileType = wrapper.application; includeInIndex = 0; path = PocaMarketClone.app; sourceTree = BUILT_PRODUCTS_DIR; };
		2600D0DD2B03C7AA00B52CF4 /* AppDelegate.swift */ = {isa = PBXFileReference; lastKnownFileType = sourcecode.swift; path = AppDelegate.swift; sourceTree = "<group>"; };
		2600D0DF2B03C7AA00B52CF4 /* SceneDelegate.swift */ = {isa = PBXFileReference; lastKnownFileType = sourcecode.swift; path = SceneDelegate.swift; sourceTree = "<group>"; };
		2600D0E12B03C7AA00B52CF4 /* ViewController.swift */ = {isa = PBXFileReference; lastKnownFileType = sourcecode.swift; path = ViewController.swift; sourceTree = "<group>"; };
		2600D0E62B03C7AC00B52CF4 /* Assets.xcassets */ = {isa = PBXFileReference; lastKnownFileType = folder.assetcatalog; path = Assets.xcassets; sourceTree = "<group>"; };
		2600D0E92B03C7AC00B52CF4 /* Base */ = {isa = PBXFileReference; lastKnownFileType = file.storyboard; name = Base; path = Base.lproj/LaunchScreen.storyboard; sourceTree = "<group>"; };
		2600D0EB2B03C7AC00B52CF4 /* Info.plist */ = {isa = PBXFileReference; lastKnownFileType = text.plist.xml; path = Info.plist; sourceTree = "<group>"; };
		2600D0F62B03C9DA00B52CF4 /* homeViewController.swift */ = {isa = PBXFileReference; lastKnownFileType = sourcecode.swift; path = homeViewController.swift; sourceTree = "<group>"; };
		2600D0F82B03CD6600B52CF4 /* FindPocaViewController.swift */ = {isa = PBXFileReference; lastKnownFileType = sourcecode.swift; path = FindPocaViewController.swift; sourceTree = "<group>"; };
		2600D0FA2B03CD6E00B52CF4 /* BuyQuicklyViewController.swift */ = {isa = PBXFileReference; lastKnownFileType = sourcecode.swift; path = BuyQuicklyViewController.swift; sourceTree = "<group>"; };
		2600D0FC2B03CD7400B52CF4 /* StoreViewController.swift */ = {isa = PBXFileReference; lastKnownFileType = sourcecode.swift; path = StoreViewController.swift; sourceTree = "<group>"; };
		2600D0FE2B03CD7E00B52CF4 /* MyPageViewController.swift */ = {isa = PBXFileReference; lastKnownFileType = sourcecode.swift; path = MyPageViewController.swift; sourceTree = "<group>"; };
/* End PBXFileReference section */

/* Begin PBXFrameworksBuildPhase section */
		2600D0D72B03C7AA00B52CF4 /* Frameworks */ = {
			isa = PBXFrameworksBuildPhase;
			buildActionMask = 2147483647;
			files = (
			);
			runOnlyForDeploymentPostprocessing = 0;
		};
/* End PBXFrameworksBuildPhase section */

/* Begin PBXGroup section */
		2600D0D12B03C7AA00B52CF4 = {
			isa = PBXGroup;
			children = (
				2600D0DC2B03C7AA00B52CF4 /* PocaMarketClone */,
				2600D0DB2B03C7AA00B52CF4 /* Products */,
			);
			sourceTree = "<group>";
		};
		2600D0DB2B03C7AA00B52CF4 /* Products */ = {
			isa = PBXGroup;
			children = (
				2600D0DA2B03C7AA00B52CF4 /* PocaMarketClone.app */,
			);
			name = Products;
			sourceTree = "<group>";
		};
		2600D0DC2B03C7AA00B52CF4 /* PocaMarketClone */ = {
			isa = PBXGroup;
			children = (
				2600D0DD2B03C7AA00B52CF4 /* AppDelegate.swift */,
				2600D0DF2B03C7AA00B52CF4 /* SceneDelegate.swift */,
				2600D0E12B03C7AA00B52CF4 /* ViewController.swift */,
				2600D0F12B03C8BB00B52CF4 /* Home */,
				2600D0F22B03C8C100B52CF4 /* FindPoca */,
				2600D0F32B03C8D100B52CF4 /* BuyQuickly */,
				2600D0F42B03C8E300B52CF4 /* Store */,
				2600D0F52B03C8F300B52CF4 /* MyPage */,
				2600D0E62B03C7AC00B52CF4 /* Assets.xcassets */,
				2600D0E82B03C7AC00B52CF4 /* LaunchScreen.storyboard */,
				2600D0EB2B03C7AC00B52CF4 /* Info.plist */,
			);
			path = PocaMarketClone;
			sourceTree = "<group>";
		};
		2600D0F12B03C8BB00B52CF4 /* Home */ = {
			isa = PBXGroup;
			children = (
				2600D0F62B03C9DA00B52CF4 /* homeViewController.swift */,
			);
			path = Home;
			sourceTree = "<group>";
		};
		2600D0F22B03C8C100B52CF4 /* FindPoca */ = {
			isa = PBXGroup;
			children = (
				2600D0F82B03CD6600B52CF4 /* FindPocaViewController.swift */,
			);
			path = FindPoca;
			sourceTree = "<group>";
		};
		2600D0F32B03C8D100B52CF4 /* BuyQuickly */ = {
			isa = PBXGroup;
			children = (
				2600D0FA2B03CD6E00B52CF4 /* BuyQuicklyViewController.swift */,
			);
			path = BuyQuickly;
			sourceTree = "<group>";
		};
		2600D0F42B03C8E300B52CF4 /* Store */ = {
			isa = PBXGroup;
			children = (
				2600D0FC2B03CD7400B52CF4 /* StoreViewController.swift */,
			);
			path = Store;
			sourceTree = "<group>";
		};
		2600D0F52B03C8F300B52CF4 /* MyPage */ = {
			isa = PBXGroup;
			children = (
				2600D0FE2B03CD7E00B52CF4 /* MyPageViewController.swift */,
			);
			path = MyPage;
			sourceTree = "<group>";
		};
/* End PBXGroup section */

/* Begin PBXNativeTarget section */
		2600D0D92B03C7AA00B52CF4 /* PocaMarketClone */ = {
			isa = PBXNativeTarget;
			buildConfigurationList = 2600D0EE2B03C7AC00B52CF4 /* Build configuration list for PBXNativeTarget "PocaMarketClone" */;
			buildPhases = (
				2600D0D62B03C7AA00B52CF4 /* Sources */,
				2600D0D72B03C7AA00B52CF4 /* Frameworks */,
				2600D0D82B03C7AA00B52CF4 /* Resources */,
			);
			buildRules = (
			);
			dependencies = (
			);
			name = PocaMarketClone;
			productName = PocaMarketClone;
			productReference = 2600D0DA2B03C7AA00B52CF4 /* PocaMarketClone.app */;
			productType = "com.apple.product-type.application";
		};
/* End PBXNativeTarget section */

/* Begin PBXProject section */
		2600D0D22B03C7AA00B52CF4 /* Project object */ = {
			isa = PBXProject;
			attributes = {
				BuildIndependentTargetsInParallel = 1;
				LastSwiftUpdateCheck = 1500;
				LastUpgradeCheck = 1500;
				TargetAttributes = {
					2600D0D92B03C7AA00B52CF4 = {
						CreatedOnToolsVersion = 15.0.1;
					};
				};
			};
			buildConfigurationList = 2600D0D52B03C7AA00B52CF4 /* Build configuration list for PBXProject "PocaMarketClone" */;
			compatibilityVersion = "Xcode 14.0";
			developmentRegion = en;
			hasScannedForEncodings = 0;
			knownRegions = (
				en,
				Base,
			);
			mainGroup = 2600D0D12B03C7AA00B52CF4;
			productRefGroup = 2600D0DB2B03C7AA00B52CF4 /* Products */;
			projectDirPath = "";
			projectRoot = "";
			targets = (
				2600D0D92B03C7AA00B52CF4 /* PocaMarketClone */,
			);
		};
/* End PBXProject section */

/* Begin PBXResourcesBuildPhase section */
		2600D0D82B03C7AA00B52CF4 /* Resources */ = {
			isa = PBXResourcesBuildPhase;
			buildActionMask = 2147483647;
			files = (
				2600D0EA2B03C7AC00B52CF4 /* LaunchScreen.storyboard in Resources */,
				2600D0E72B03C7AC00B52CF4 /* Assets.xcassets in Resources */,
			);
			runOnlyForDeploymentPostprocessing = 0;
		};
/* End PBXResourcesBuildPhase section */

/* Begin PBXSourcesBuildPhase section */
		2600D0D62B03C7AA00B52CF4 /* Sources */ = {
			isa = PBXSourcesBuildPhase;
			buildActionMask = 2147483647;
			files = (
				2600D0FB2B03CD6E00B52CF4 /* BuyQuicklyViewController.swift in Sources */,
				2600D0E22B03C7AA00B52CF4 /* ViewController.swift in Sources */,
				2600D0DE2B03C7AA00B52CF4 /* AppDelegate.swift in Sources */,
				2600D0F92B03CD6600B52CF4 /* FindPocaViewController.swift in Sources */,
				2600D0E02B03C7AA00B52CF4 /* SceneDelegate.swift in Sources */,
				2600D0F72B03C9DA00B52CF4 /* homeViewController.swift in Sources */,
				2600D0FD2B03CD7400B52CF4 /* StoreViewController.swift in Sources */,
				2600D0FF2B03CD7E00B52CF4 /* MyPageViewController.swift in Sources */,
			);
			runOnlyForDeploymentPostprocessing = 0;
		};
/* End PBXSourcesBuildPhase section */

/* Begin PBXVariantGroup section */
		2600D0E82B03C7AC00B52CF4 /* LaunchScreen.storyboard */ = {
			isa = PBXVariantGroup;
			children = (
				2600D0E92B03C7AC00B52CF4 /* Base */,
			);
			name = LaunchScreen.storyboard;
			sourceTree = "<group>";
		};
/* End PBXVariantGroup section */

/* Begin XCBuildConfiguration section */
		2600D0EC2B03C7AC00B52CF4 /* Debug */ = {
			isa = XCBuildConfiguration;
			buildSettings = {
				ALWAYS_SEARCH_USER_PATHS = NO;
				ASSETCATALOG_COMPILER_GENERATE_SWIFT_ASSET_SYMBOL_EXTENSIONS = YES;
				CLANG_ANALYZER_NONNULL = YES;
				CLANG_ANALYZER_NUMBER_OBJECT_CONVERSION = YES_AGGRESSIVE;
				CLANG_CXX_LANGUAGE_STANDARD = "gnu++20";
				CLANG_ENABLE_MODULES = YES;
				CLANG_ENABLE_OBJC_ARC = YES;
				CLANG_ENABLE_OBJC_WEAK = YES;
				CLANG_WARN_BLOCK_CAPTURE_AUTORELEASING = YES;
				CLANG_WARN_BOOL_CONVERSION = YES;
				CLANG_WARN_COMMA = YES;
				CLANG_WARN_CONSTANT_CONVERSION = YES;
				CLANG_WARN_DEPRECATED_OBJC_IMPLEMENTATIONS = YES;
				CLANG_WARN_DIRECT_OBJC_ISA_USAGE = YES_ERROR;
				CLANG_WARN_DOCUMENTATION_COMMENTS = YES;
				CLANG_WARN_EMPTY_BODY = YES;
				CLANG_WARN_ENUM_CONVERSION = YES;
				CLANG_WARN_INFINITE_RECURSION = YES;
				CLANG_WARN_INT_CONVERSION = YES;
				CLANG_WARN_NON_LITERAL_NULL_CONVERSION = YES;
				CLANG_WARN_OBJC_IMPLICIT_RETAIN_SELF = YES;
				CLANG_WARN_OBJC_LITERAL_CONVERSION = YES;
				CLANG_WARN_OBJC_ROOT_CLASS = YES_ERROR;
				CLANG_WARN_QUOTED_INCLUDE_IN_FRAMEWORK_HEADER = YES;
				CLANG_WARN_RANGE_LOOP_ANALYSIS = YES;
				CLANG_WARN_STRICT_PROTOTYPES = YES;
				CLANG_WARN_SUSPICIOUS_MOVE = YES;
				CLANG_WARN_UNGUARDED_AVAILABILITY = YES_AGGRESSIVE;
				CLANG_WARN_UNREACHABLE_CODE = YES;
				CLANG_WARN__DUPLICATE_METHOD_MATCH = YES;
				COPY_PHASE_STRIP = NO;
				DEBUG_INFORMATION_FORMAT = dwarf;
				ENABLE_STRICT_OBJC_MSGSEND = YES;
				ENABLE_TESTABILITY = YES;
				ENABLE_USER_SCRIPT_SANDBOXING = YES;
				GCC_C_LANGUAGE_STANDARD = gnu17;
				GCC_DYNAMIC_NO_PIC = NO;
				GCC_NO_COMMON_BLOCKS = YES;
				GCC_OPTIMIZATION_LEVEL = 0;
				GCC_PREPROCESSOR_DEFINITIONS = (
					"DEBUG=1",
					"$(inherited)",
				);
				GCC_WARN_64_TO_32_BIT_CONVERSION = YES;
				GCC_WARN_ABOUT_RETURN_TYPE = YES_ERROR;
				GCC_WARN_UNDECLARED_SELECTOR = YES;
				GCC_WARN_UNINITIALIZED_AUTOS = YES_AGGRESSIVE;
				GCC_WARN_UNUSED_FUNCTION = YES;
				GCC_WARN_UNUSED_VARIABLE = YES;
				IPHONEOS_DEPLOYMENT_TARGET = 17.0;
				LOCALIZATION_PREFERS_STRING_CATALOGS = YES;
				MTL_ENABLE_DEBUG_INFO = INCLUDE_SOURCE;
				MTL_FAST_MATH = YES;
				ONLY_ACTIVE_ARCH = YES;
				SDKROOT = iphoneos;
				SWIFT_ACTIVE_COMPILATION_CONDITIONS = "DEBUG $(inherited)";
				SWIFT_OPTIMIZATION_LEVEL = "-Onone";
			};
			name = Debug;
		};
		2600D0ED2B03C7AC00B52CF4 /* Release */ = {
			isa = XCBuildConfiguration;
			buildSettings = {
				ALWAYS_SEARCH_USER_PATHS = NO;
				ASSETCATALOG_COMPILER_GENERATE_SWIFT_ASSET_SYMBOL_EXTENSIONS = YES;
				CLANG_ANALYZER_NONNULL = YES;
				CLANG_ANALYZER_NUMBER_OBJECT_CONVERSION = YES_AGGRESSIVE;
				CLANG_CXX_LANGUAGE_STANDARD = "gnu++20";
				CLANG_ENABLE_MODULES = YES;
				CLANG_ENABLE_OBJC_ARC = YES;
				CLANG_ENABLE_OBJC_WEAK = YES;
				CLANG_WARN_BLOCK_CAPTURE_AUTORELEASING = YES;
				CLANG_WARN_BOOL_CONVERSION = YES;
				CLANG_WARN_COMMA = YES;
				CLANG_WARN_CONSTANT_CONVERSION = YES;
				CLANG_WARN_DEPRECATED_OBJC_IMPLEMENTATIONS = YES;
				CLANG_WARN_DIRECT_OBJC_ISA_USAGE = YES_ERROR;
				CLANG_WARN_DOCUMENTATION_COMMENTS = YES;
				CLANG_WARN_EMPTY_BODY = YES;
				CLANG_WARN_ENUM_CONVERSION = YES;
				CLANG_WARN_INFINITE_RECURSION = YES;
				CLANG_WARN_INT_CONVERSION = YES;
				CLANG_WARN_NON_LITERAL_NULL_CONVERSION = YES;
				CLANG_WARN_OBJC_IMPLICIT_RETAIN_SELF = YES;
				CLANG_WARN_OBJC_LITERAL_CONVERSION = YES;
				CLANG_WARN_OBJC_ROOT_CLASS = YES_ERROR;
				CLANG_WARN_QUOTED_INCLUDE_IN_FRAMEWORK_HEADER = YES;
				CLANG_WARN_RANGE_LOOP_ANALYSIS = YES;
				CLANG_WARN_STRICT_PROTOTYPES = YES;
				CLANG_WARN_SUSPICIOUS_MOVE = YES;
				CLANG_WARN_UNGUARDED_AVAILABILITY = YES_AGGRESSIVE;
				CLANG_WARN_UNREACHABLE_CODE = YES;
				CLANG_WARN__DUPLICATE_METHOD_MATCH = YES;
				COPY_PHASE_STRIP = NO;
				DEBUG_INFORMATION_FORMAT = "dwarf-with-dsym";
				ENABLE_NS_ASSERTIONS = NO;
				ENABLE_STRICT_OBJC_MSGSEND = YES;
				ENABLE_USER_SCRIPT_SANDBOXING = YES;
				GCC_C_LANGUAGE_STANDARD = gnu17;
				GCC_NO_COMMON_BLOCKS = YES;
				GCC_WARN_64_TO_32_BIT_CONVERSION = YES;
				GCC_WARN_ABOUT_RETURN_TYPE = YES_ERROR;
				GCC_WARN_UNDECLARED_SELECTOR = YES;
				GCC_WARN_UNINITIALIZED_AUTOS = YES_AGGRESSIVE;
				GCC_WARN_UNUSED_FUNCTION = YES;
				GCC_WARN_UNUSED_VARIABLE = YES;
				IPHONEOS_DEPLOYMENT_TARGET = 17.0;
				LOCALIZATION_PREFERS_STRING_CATALOGS = YES;
				MTL_ENABLE_DEBUG_INFO = NO;
				MTL_FAST_MATH = YES;
				SDKROOT = iphoneos;
				SWIFT_COMPILATION_MODE = wholemodule;
				VALIDATE_PRODUCT = YES;
			};
			name = Release;
		};
		2600D0EF2B03C7AC00B52CF4 /* Debug */ = {
			isa = XCBuildConfiguration;
			buildSettings = {
				ASSETCATALOG_COMPILER_APPICON_NAME = AppIcon;
				ASSETCATALOG_COMPILER_GLOBAL_ACCENT_COLOR_NAME = AccentColor;
				CODE_SIGN_STYLE = Automatic;
				CURRENT_PROJECT_VERSION = 1;
				DEVELOPMENT_TEAM = F2SSSA5NRF;
				GENERATE_INFOPLIST_FILE = YES;
				INFOPLIST_FILE = PocaMarketClone/Info.plist;
				INFOPLIST_KEY_UIApplicationSupportsIndirectInputEvents = YES;
				INFOPLIST_KEY_UILaunchStoryboardName = LaunchScreen;
				INFOPLIST_KEY_UISupportedInterfaceOrientations_iPad = "UIInterfaceOrientationPortrait UIInterfaceOrientationPortraitUpsideDown UIInterfaceOrientationLandscapeLeft UIInterfaceOrientationLandscapeRight";
				INFOPLIST_KEY_UISupportedInterfaceOrientations_iPhone = "UIInterfaceOrientationPortrait UIInterfaceOrientationLandscapeLeft UIInterfaceOrientationLandscapeRight";
				LD_RUNPATH_SEARCH_PATHS = (
					"$(inherited)",
					"@executable_path/Frameworks",
				);
				MARKETING_VERSION = 1.0;
				PRODUCT_BUNDLE_IDENTIFIER = com.immeenu.PocaMarketClone;
				PRODUCT_NAME = "$(TARGET_NAME)";
				SWIFT_EMIT_LOC_STRINGS = YES;
				SWIFT_VERSION = 5.0;
				TARGETED_DEVICE_FAMILY = "1,2";
			};
			name = Debug;
		};
		2600D0F02B03C7AC00B52CF4 /* Release */ = {
			isa = XCBuildConfiguration;
			buildSettings = {
				ASSETCATALOG_COMPILER_APPICON_NAME = AppIcon;
				ASSETCATALOG_COMPILER_GLOBAL_ACCENT_COLOR_NAME = AccentColor;
				CODE_SIGN_STYLE = Automatic;
				CURRENT_PROJECT_VERSION = 1;
				DEVELOPMENT_TEAM = F2SSSA5NRF;
				GENERATE_INFOPLIST_FILE = YES;
				INFOPLIST_FILE = PocaMarketClone/Info.plist;
				INFOPLIST_KEY_UIApplicationSupportsIndirectInputEvents = YES;
				INFOPLIST_KEY_UILaunchStoryboardName = LaunchScreen;
				INFOPLIST_KEY_UISupportedInterfaceOrientations_iPad = "UIInterfaceOrientationPortrait UIInterfaceOrientationPortraitUpsideDown UIInterfaceOrientationLandscapeLeft UIInterfaceOrientationLandscapeRight";
				INFOPLIST_KEY_UISupportedInterfaceOrientations_iPhone = "UIInterfaceOrientationPortrait UIInterfaceOrientationLandscapeLeft UIInterfaceOrientationLandscapeRight";
				LD_RUNPATH_SEARCH_PATHS = (
					"$(inherited)",
					"@executable_path/Frameworks",
				);
				MARKETING_VERSION = 1.0;
				PRODUCT_BUNDLE_IDENTIFIER = com.immeenu.PocaMarketClone;
				PRODUCT_NAME = "$(TARGET_NAME)";
				SWIFT_EMIT_LOC_STRINGS = YES;
				SWIFT_VERSION = 5.0;
				TARGETED_DEVICE_FAMILY = "1,2";
			};
			name = Release;
		};
/* End XCBuildConfiguration section */

/* Begin XCConfigurationList section */
		2600D0D52B03C7AA00B52CF4 /* Build configuration list for PBXProject "PocaMarketClone" */ = {
			isa = XCConfigurationList;
			buildConfigurations = (
				2600D0EC2B03C7AC00B52CF4 /* Debug */,
				2600D0ED2B03C7AC00B52CF4 /* Release */,
			);
			defaultConfigurationIsVisible = 0;
			defaultConfigurationName = Release;
		};
		2600D0EE2B03C7AC00B52CF4 /* Build configuration list for PBXNativeTarget "PocaMarketClone" */ = {
			isa = XCConfigurationList;
			buildConfigurations = (
				2600D0EF2B03C7AC00B52CF4 /* Debug */,
				2600D0F02B03C7AC00B52CF4 /* Release */,
			);
			defaultConfigurationIsVisible = 0;
			defaultConfigurationName = Release;
		};
/* End XCConfigurationList section */
	};
	rootObject = 2600D0D22B03C7AA00B52CF4 /* Project object */;
}
